<?xml version="1.0" encoding="utf-8"?>
<Project ToolsVersion="4.0" xmlns="http://schemas.microsoft.com/developer/msbuild/2003">
  <ItemGroup>
    <Filter Include="Source Files">
      <UniqueIdentifier>{4FC737F1-C7A5-4376-A066-2A32D752A2FF}</UniqueIdentifier>
      <Extensions>cpp;c;cc;cxx;def;odl;idl;hpj;bat;asm;asmx</Extensions>
    </Filter>
    <Filter Include="Header Files">
      <UniqueIdentifier>{93995380-89BD-4b04-88EB-625FBE52EBFB}</UniqueIdentifier>
      <Extensions>h;hh;hpp;hxx;hm;inl;inc;xsd</Extensions>
    </Filter>
    <Filter Include="Resource Files">
      <UniqueIdentifier>{67DA6AB6-F800-4c08-8B7A-83BB121AAD01}</UniqueIdentifier>
      <Extensions>rc;ico;cur;bmp;dlg;rc2;rct;bin;rgs;gif;jpg;jpeg;jpe;resx;tiff;tif;png;wav;mfcribbon-ms</Extensions>
    </Filter>
    <Filter Include="bin">
      <UniqueIdentifier>{2779b4c4-5457-4287-a3e7-2764b00a7752}</UniqueIdentifier>
    </Filter>
    <Filter Include="Header Files\Casting">
      <UniqueIdentifier>{3232566d-161c-48b2-9d90-5ea34ac97413}</UniqueIdentifier>
    </Filter>
    <Filter Include="Source Files\casting">
      <UniqueIdentifier>{e2a9a0b0-1944-49ee-90f9-2764fc4d29a1}</UniqueIdentifier>
    </Filter>
  </ItemGroup>
  <ItemGroup>
    <Text Include="ReadMe.txt" />
  </ItemGroup>
  <ItemGroup>
    <ClInclude Include="targetver.h">
      <Filter>Header Files</Filter>
    </ClInclude>
    <ClInclude Include="game.h">
      <Filter>Header Files</Filter>
    </ClInclude>
    <ClInclude Include="graphics.h">
      <Filter>Header Files</Filter>
    </ClInclude>
    <ClInclude Include="controls.h">
      <Filter>Header Files</Filter>
    </ClInclude>
    <ClInclude Include="vector2D.h">
      <Filter>Header Files</Filter>
    </ClInclude>
    <ClInclude Include="boy.h">
      <Filter>Header Files</Filter>
    </ClInclude>
    <ClInclude Include="spell.h">
      <Filter>Header Files\Casting</Filter>
    </ClInclude>
    <ClInclude Include="effect.h">
      <Filter>Header Files\Casting</Filter>
    </ClInclude>
    <ClInclude Include="damage.h">
      <Filter>Header Files\Casting</Filter>
    </ClInclude>
    <ClInclude Include="target.h">
      <Filter>Header Files\Casting</Filter>
    </ClInclude>
    <ClInclude Include="helpers.h">
      <Filter>Header Files</Filter>
    </ClInclude>
    <ClInclude Include="include\IMGUI\imconfig.h">
      <Filter>Header Files</Filter>
    </ClInclude>
    <ClInclude Include="include\IMGUI\imgui.h">
      <Filter>Header Files</Filter>
    </ClInclude>
    <ClInclude Include="include\IMGUI\imgui_internal.h">
      <Filter>Header Files</Filter>
    </ClInclude>
    <ClInclude Include="include\IMGUI\imgui-events-SFML.h">
      <Filter>Header Files</Filter>
    </ClInclude>
    <ClInclude Include="include\IMGUI\imgui-rendering-sfml.h">
      <Filter>Header Files</Filter>
    </ClInclude>
    <ClInclude Include="include\IMGUI\stb_rect_pack.h">
      <Filter>Header Files</Filter>
    </ClInclude>
    <ClInclude Include="include\IMGUI\stb_textedit.h">
      <Filter>Header Files</Filter>
    </ClInclude>
    <ClInclude Include="include\IMGUI\stb_truetype.h">
      <Filter>Header Files</Filter>
    </ClInclude>
  </ItemGroup>
  <ItemGroup>
    <ClCompile Include="spellgame.cpp">
      <Filter>Source Files</Filter>
    </ClCompile>
    <ClCompile Include="game.cpp">
      <Filter>Source Files</Filter>
    </ClCompile>
    <ClCompile Include="graphics.cpp">
      <Filter>Source Files</Filter>
    </ClCompile>
    <ClCompile Include="controls.cpp">
      <Filter>Source Files</Filter>
    </ClCompile>
    <ClCompile Include="vector2D.cpp">
      <Filter>Source Files</Filter>
    </ClCompile>
    <ClCompile Include="boy.cpp">
      <Filter>Source Files</Filter>
    </ClCompile>
    <ClCompile Include="spell.cpp">
      <Filter>Source Files\casting</Filter>
    </ClCompile>
    <ClCompile Include="effect.cpp">
      <Filter>Source Files\casting</Filter>
    </ClCompile>
    <ClCompile Include="damage.cpp">
      <Filter>Source Files\casting</Filter>
    </ClCompile>
    <ClCompile Include="target.cpp">
      <Filter>Source Files\casting</Filter>
    </ClCompile>
    <ClCompile Include="helpers.cpp">
      <Filter>Source Files</Filter>
    </ClCompile>
    <ClCompile Include="include\IMGUI\imgui.cpp">
      <Filter>Source Files</Filter>
    </ClCompile>
    <ClCompile Include="include\IMGUI\imgui_demo.cpp">
      <Filter>Source Files</Filter>
    </ClCompile>
    <ClCompile Include="include\IMGUI\imgui_draw.cpp">
      <Filter>Source Files</Filter>
    </ClCompile>
  </ItemGroup>
  <ItemGroup>
    <None Include="bin\sfml-audio-2.dll">
      <Filter>bin</Filter>
    </None>
    <None Include="bin\sfml-audio-d-2.dll">
      <Filter>bin</Filter>
    </None>
    <None Include="bin\sfml-graphics-2.dll">
      <Filter>bin</Filter>
    </None>
    <None Include="bin\sfml-graphics-d-2.dll">
      <Filter>bin</Filter>
    </None>
    <None Include="bin\sfml-network-2.dll">
      <Filter>bin</Filter>
    </None>
    <None Include="bin\sfml-network-d-2.dll">
      <Filter>bin</Filter>
    </None>
    <None Include="bin\sfml-system-2.dll">
      <Filter>bin</Filter>
    </None>
    <None Include="bin\sfml-system-d-2.dll">
      <Filter>bin</Filter>
    </None>
    <None Include="bin\sfml-window-2.dll">
      <Filter>bin</Filter>
    </None>
    <None Include="bin\sfml-window-d-2.dll">
      <Filter>bin</Filter>
    </None>
  </ItemGroup>
</Project>